
Microsoft Visual Studio Solution File, Format Version 12.00
Project("{FAE04EC0-301F-11D3-BF4B-00C04F79EFBC}") = "ImpisAPI.Domain", "ImpisAPI.Domain\ImpisAPI.Domain.csproj", "{C0E86E98-02DA-4323-A723-B823B14DD0B0}"
EndProject
Project("{FAE04EC0-301F-11D3-BF4B-00C04F79EFBC}") = "ImpisAPI.Application", "ImpisAPI.Application\ImpisAPI.Application.csproj", "{0F2CC8E9-6B0B-4102-88E9-538B98642C6C}"
EndProject
Project("{FAE04EC0-301F-11D3-BF4B-00C04F79EFBC}") = "ImpisAPI.Infrastructure", "ImpisAPI.Infrastructure\ImpisAPI.Infrastructure.csproj", "{F2F7C1FB-40EB-4A68-A172-AD904BC7FF65}"
EndProject
Global
	GlobalSection(SolutionConfigurationPlatforms) = preSolution
		Debug|Any CPU = Debug|Any CPU
		Release|Any CPU = Release|Any CPU
	EndGlobalSection
	GlobalSection(ProjectConfigurationPlatforms) = postSolution
		{C0E86E98-02DA-4323-A723-B823B14DD0B0}.Debug|Any CPU.ActiveCfg = Debug|Any CPU
		{C0E86E98-02DA-4323-A723-B823B14DD0B0}.Debug|Any CPU.Build.0 = Debug|Any CPU
		{C0E86E98-02DA-4323-A723-B823B14DD0B0}.Release|Any CPU.ActiveCfg = Release|Any CPU
		{C0E86E98-02DA-4323-A723-B823B14DD0B0}.Release|Any CPU.Build.0 = Release|Any CPU
		{0F2CC8E9-6B0B-4102-88E9-538B98642C6C}.Debug|Any CPU.ActiveCfg = Debug|Any CPU
		{0F2CC8E9-6B0B-4102-88E9-538B98642C6C}.Debug|Any CPU.Build.0 = Debug|Any CPU
		{0F2CC8E9-6B0B-4102-88E9-538B98642C6C}.Release|Any CPU.ActiveCfg = Release|Any CPU
		{0F2CC8E9-6B0B-4102-88E9-538B98642C6C}.Release|Any CPU.Build.0 = Release|Any CPU
		{F2F7C1FB-40EB-4A68-A172-AD904BC7FF65}.Debug|Any CPU.ActiveCfg = Debug|Any CPU
		{F2F7C1FB-40EB-4A68-A172-AD904BC7FF65}.Debug|Any CPU.Build.0 = Debug|Any CPU
		{F2F7C1FB-40EB-4A68-A172-AD904BC7FF65}.Release|Any CPU.ActiveCfg = Release|Any CPU
		{F2F7C1FB-40EB-4A68-A172-AD904BC7FF65}.Release|Any CPU.Build.0 = Release|Any CPU
	EndGlobalSection
EndGlobal
